
Microsoft Visual Studio Solution File, Format Version 12.00
# Visual Studio Version 17
VisualStudioVersion = 17.10.35122.118
MinimumVisualStudioVersion = 10.0.40219.1
Project("{9A19103F-16F7-4668-BE54-9A1E7A4F7556}") = "CadastroLivros", "CadastroLivros.csproj", "{8BE63DBF-3344-4063-849A-A206910AEC33}"
EndProject
Project("{FAE04EC0-301F-11D3-BF4B-00C04F79EFBC}") = "CadastroLivrosTeste", "..\CadastroLivrosTeste\CadastroLivrosTeste.csproj", "{26C253BC-44B9-4064-9394-8CA034023AC0}"
EndProject
Global
	GlobalSection(SolutionConfigurationPlatforms) = preSolution
		Debug|Any CPU = Debug|Any CPU
		Release|Any CPU = Release|Any CPU
	EndGlobalSection
	GlobalSection(ProjectConfigurationPlatforms) = postSolution
		{8BE63DBF-3344-4063-849A-A206910AEC33}.Debug|Any CPU.ActiveCfg = Debug|Any CPU
		{8BE63DBF-3344-4063-849A-A206910AEC33}.Debug|Any CPU.Build.0 = Debug|Any CPU
		{8BE63DBF-3344-4063-849A-A206910AEC33}.Release|Any CPU.ActiveCfg = Release|Any CPU
		{8BE63DBF-3344-4063-849A-A206910AEC33}.Release|Any CPU.Build.0 = Release|Any CPU
		{26C253BC-44B9-4064-9394-8CA034023AC0}.Debug|Any CPU.ActiveCfg = Debug|Any CPU
		{26C253BC-44B9-4064-9394-8CA034023AC0}.Debug|Any CPU.Build.0 = Debug|Any CPU
		{26C253BC-44B9-4064-9394-8CA034023AC0}.Release|Any CPU.ActiveCfg = Release|Any CPU
		{26C253BC-44B9-4064-9394-8CA034023AC0}.Release|Any CPU.Build.0 = Release|Any CPU
	EndGlobalSection
	GlobalSection(SolutionProperties) = preSolution
		HideSolutionNode = FALSE
	EndGlobalSection
	GlobalSection(ExtensibilityGlobals) = postSolution
		SolutionGuid = {6FB930D4-6900-492C-AFEB-EFE842F0146A}
	EndGlobalSection
EndGlobal
